<?xml version="1.0" encoding="utf-8"?>
<Project ToolsVersion="4.0" xmlns="http://schemas.microsoft.com/developer/msbuild/2003">
  <ItemGroup>
    <Filter Include="Source Files">
      <UniqueIdentifier>{4FC737F1-C7A5-4376-A066-2A32D752A2FF}</UniqueIdentifier>
      <Extensions>cpp;c;cc;cxx;def;odl;idl;hpj;bat;asm;asmx</Extensions>
    </Filter>
    <Filter Include="Header Files">
      <UniqueIdentifier>{93995380-89BD-4b04-88EB-625FBE52EBFB}</UniqueIdentifier>
      <Extensions>h;hpp;hxx;hm;inl;inc;xsd</Extensions>
    </Filter>
    <Filter Include="Resource Files">
      <UniqueIdentifier>{67DA6AB6-F800-4c08-8B7A-83BB121AAD01}</UniqueIdentifier>
      <Extensions>rc;ico;cur;bmp;dlg;rc2;rct;bin;rgs;gif;jpg;jpeg;jpe;resx;tiff;tif;png;wav;mfcribbon-ms</Extensions>
    </Filter>
  </ItemGroup>
  <ItemGroup>
    <Text Include="ReadMe.txt" />
  </ItemGroup>
  <ItemGroup>
    <ClInclude Include="stdafx.h">
      <Filter>Header Files</Filter>
    </ClInclude>
    <ClInclude Include="targetver.h">
      <Filter>Header Files</Filter>
    </ClInclude>
    <ClInclude Include="Assetsinventory.h">
      <Filter>Header Files</Filter>
    </ClInclude>
    <ClInclude Include="DIAssetAutoRun.h">
      <Filter>Header Files</Filter>
    </ClInclude>
    <ClInclude Include="DIAssetDB.h">
      <Filter>Header Files</Filter>
    </ClInclude>
    <ClInclude Include="DIAssetExceSql.h">
      <Filter>Header Files</Filter>
    </ClInclude>
    <ClInclude Include="DIAssetPort.h">
      <Filter>Header Files</Filter>
    </ClInclude>
    <ClInclude Include="DIAssetTask.h">
      <Filter>Header Files</Filter>
    </ClInclude>
    <ClInclude Include="DIAssetWebService.h">
      <Filter>Header Files</Filter>
    </ClInclude>
    <ClInclude Include="DIUtils.h">
      <Filter>Header Files</Filter>
    </ClInclude>
    <ClInclude Include="LogManager.h">
      <Filter>Header Files</Filter>
    </ClInclude>
    <ClInclude Include="Repairation.h">
      <Filter>Header Files</Filter>
    </ClInclude>
    <ClInclude Include="StringUtils.h">
      <Filter>Header Files</Filter>
    </ClInclude>
    <ClInclude Include="NetUtils.h">
      <Filter>Header Files</Filter>
    </ClInclude>
    <ClInclude Include="DIWMICom.h">
      <Filter>Header Files</Filter>
    </ClInclude>
    <ClInclude Include="DIMutex.h">
      <Filter>Header Files</Filter>
    </ClInclude>
  </ItemGroup>
  <ItemGroup>
    <ClCompile Include="stdafx.cpp">
      <Filter>Source Files</Filter>
    </ClCompile>
    <ClCompile Include="Assets.cpp">
      <Filter>Source Files</Filter>
    </ClCompile>
    <ClCompile Include="Assetsinventory.cpp">
      <Filter>Source Files</Filter>
    </ClCompile>
    <ClCompile Include="DIAssetAutoRun.cpp">
      <Filter>Source Files</Filter>
    </ClCompile>
    <ClCompile Include="DIAssetDB.cpp">
      <Filter>Source Files</Filter>
    </ClCompile>
    <ClCompile Include="DIAssetExceSql.cpp">
      <Filter>Source Files</Filter>
    </ClCompile>
    <ClCompile Include="DIAssetPort.cpp">
      <Filter>Source Files</Filter>
    </ClCompile>
    <ClCompile Include="DIAssetTask.cpp">
      <Filter>Source Files</Filter>
    </ClCompile>
    <ClCompile Include="DIAssetWebService.cpp">
      <Filter>Source Files</Filter>
    </ClCompile>
    <ClCompile Include="DIUtils.cpp">
      <Filter>Source Files</Filter>
    </ClCompile>
    <ClCompile Include="LogManager.cpp">
      <Filter>Source Files</Filter>
    </ClCompile>
    <ClCompile Include="Repairation.cpp">
      <Filter>Source Files</Filter>
    </ClCompile>
    <ClCompile Include="StringUtils.cpp">
      <Filter>Source Files</Filter>
    </ClCompile>
    <ClCompile Include="NetUtils.cpp">
      <Filter>Source Files</Filter>
    </ClCompile>
    <ClCompile Include="DIWMICom.cpp">
      <Filter>Source Files</Filter>
    </ClCompile>
    <ClCompile Include="DIMutex.cpp">
      <Filter>Source Files</Filter>
    </ClCompile>
  </ItemGroup>
</Project>