<?xml version="1.0" encoding="utf-8"?>
<Project ToolsVersion="4.0" xmlns="http://schemas.microsoft.com/developer/msbuild/2003">
  <ItemGroup>
    <Filter Include="Source Files">
      <UniqueIdentifier>{4FC737F1-C7A5-4376-A066-2A32D752A2FF}</UniqueIdentifier>
      <Extensions>cpp;c;cc;cxx;def;odl;idl;hpj;bat;asm;asmx</Extensions>
    </Filter>
    <Filter Include="Header Files">
      <UniqueIdentifier>{93995380-89BD-4b04-88EB-625FBE52EBFB}</UniqueIdentifier>
      <Extensions>h;hpp;hxx;hm;inl;inc;xsd</Extensions>
    </Filter>
    <Filter Include="Resource Files">
      <UniqueIdentifier>{67DA6AB6-F800-4c08-8B7A-83BB121AAD01}</UniqueIdentifier>
      <Extensions>rc;ico;cur;bmp;dlg;rc2;rct;bin;rgs;gif;jpg;jpeg;jpe;resx;tiff;tif;png;wav;mfcribbon-ms</Extensions>
    </Filter>
  </ItemGroup>
  <ItemGroup>
    <Text Include="ReadMe.txt" />
  </ItemGroup>
  <ItemGroup>
    <ClInclude Include="stdafx.h">
      <Filter>Header Files</Filter>
    </ClInclude>
    <ClInclude Include="targetver.h">
      <Filter>Header Files</Filter>
    </ClInclude>
    <ClInclude Include="comm.h">
      <Filter>Header Files</Filter>
    </ClInclude>
    <ClInclude Include="version.hpp">
      <Filter>Header Files</Filter>
    </ClInclude>
    <ClInclude Include="Logger.h">
      <Filter>Header Files</Filter>
    </ClInclude>
    <ClInclude Include="RwLock.h">
      <Filter>Header Files</Filter>
    </ClInclude>
    <ClInclude Include="ConfigSave.h">
      <Filter>Header Files</Filter>
    </ClInclude>
    <ClInclude Include="HraCompress.h">
      <Filter>Header Files</Filter>
    </ClInclude>
    <ClInclude Include="HraJson.h">
      <Filter>Header Files</Filter>
    </ClInclude>
    <ClInclude Include="HraPatternUpdateUtils.h">
      <Filter>Header Files</Filter>
    </ClInclude>
    <ClInclude Include="HraUtils.h">
      <Filter>Header Files</Filter>
    </ClInclude>
    <ClInclude Include="HraReport.h">
      <Filter>Header Files</Filter>
    </ClInclude>
    <ClInclude Include="HraTaskType.h">
      <Filter>Header Files</Filter>
    </ClInclude>
    <ClInclude Include="HraAppDef.h">
      <Filter>Header Files</Filter>
    </ClInclude>
    <ClInclude Include="MiniDumper.h">
      <Filter>Header Files</Filter>
    </ClInclude>
    <ClInclude Include="resource.h">
      <Filter>Header Files</Filter>
    </ClInclude>
    <ClInclude Include="HraCtrlCmd.h">
      <Filter>Header Files</Filter>
    </ClInclude>
    <ClInclude Include="RegistryQuery.h">
      <Filter>Header Files</Filter>
    </ClInclude>
    <ClInclude Include="HraKbDataMgr.h">
      <Filter>Header Files</Filter>
    </ClInclude>
    <ClInclude Include="HraAssetDef.h">
      <Filter>Header Files</Filter>
    </ClInclude>
    <ClInclude Include="SocketTcp.h">
      <Filter>Header Files</Filter>
    </ClInclude>
    <ClInclude Include="UtilsWMICom.h">
      <Filter>Header Files</Filter>
    </ClInclude>
    <ClInclude Include="StdOutHelper.h">
      <Filter>Header Files</Filter>
    </ClInclude>
  </ItemGroup>
  <ItemGroup>
    <ClCompile Include="stdafx.cpp">
      <Filter>Source Files</Filter>
    </ClCompile>
    <ClCompile Include="Logger.cpp">
      <Filter>Source Files</Filter>
    </ClCompile>
    <ClCompile Include="RwLock.cpp">
      <Filter>Source Files</Filter>
    </ClCompile>
    <ClCompile Include="ConfigSave.cpp">
      <Filter>Source Files</Filter>
    </ClCompile>
    <ClCompile Include="HraCompress.cpp">
      <Filter>Source Files</Filter>
    </ClCompile>
    <ClCompile Include="HraJson.cpp">
      <Filter>Source Files</Filter>
    </ClCompile>
    <ClCompile Include="HraPatternUpdateUtils.cpp">
      <Filter>Source Files</Filter>
    </ClCompile>
    <ClCompile Include="HraUtils.cpp">
      <Filter>Source Files</Filter>
    </ClCompile>
    <ClCompile Include="HraReport.cpp">
      <Filter>Source Files</Filter>
    </ClCompile>
    <ClCompile Include="MiniDumper.cpp">
      <Filter>Source Files</Filter>
    </ClCompile>
    <ClCompile Include="HraCtrlCmd.cpp">
      <Filter>Source Files</Filter>
    </ClCompile>
    <ClCompile Include="RegistryQuery.cpp">
      <Filter>Source Files</Filter>
    </ClCompile>
    <ClCompile Include="HraKbDataMgr.cpp">
      <Filter>Source Files</Filter>
    </ClCompile>
    <ClCompile Include="SocketTcp.cpp">
      <Filter>Source Files</Filter>
    </ClCompile>
    <ClCompile Include="UtilsWMICom.cpp">
      <Filter>Source Files</Filter>
    </ClCompile>
    <ClCompile Include="StdOutHelper.cpp">
      <Filter>Source Files</Filter>
    </ClCompile>
  </ItemGroup>
  <ItemGroup>
    <ResourceCompile Include="utility.rc">
      <Filter>Resource Files</Filter>
    </ResourceCompile>
  </ItemGroup>
</Project>