
Microsoft Visual Studio Solution File, Format Version 12.00
# Visual Studio 2012
Project("{2150E333-8FDC-42A3-9474-1A3956D46DE8}") = "Apps", "Apps", "{6039D2EE-E601-454A-B9D0-A2BB9B936E9B}"
EndProject
Project("{2150E333-8FDC-42A3-9474-1A3956D46DE8}") = "Common", "Common", "{1B52E27F-6001-4C6D-8202-E3F7BB21C166}"
EndProject
Project("{2150E333-8FDC-42A3-9474-1A3956D46DE8}") = "Feature", "Feature", "{F28F503C-0455-4F8D-BF21-41D84C16E2FA}"
EndProject
Project("{8BC9CEB8-8B4A-11D0-8D11-00A0C91BC942}") = "hra", "Apps\hra\hra.vcxproj", "{7F83BDFF-B90A-48C8-9EAC-7BA2325EDBE7}"
	ProjectSection(ProjectDependencies) = postProject
		{16DA4F10-E936-4A3C-AB14-444555944842} = {16DA4F10-E936-4A3C-AB14-444555944842}
		{6C607312-27D9-4DBE-8F8B-EDF4F9539670} = {6C607312-27D9-4DBE-8F8B-EDF4F9539670}
		{1873B01B-5B19-4B08-B065-9A01A332B3F3} = {1873B01B-5B19-4B08-B065-9A01A332B3F3}
		{7DF1CF21-FA6B-4B36-91F8-FE6C2346C440} = {7DF1CF21-FA6B-4B36-91F8-FE6C2346C440}
		{8A092E2C-7E71-4330-A55A-B8511120FCF7} = {8A092E2C-7E71-4330-A55A-B8511120FCF7}
		{46567A49-2166-4253-BE97-2C837B606E6C} = {46567A49-2166-4253-BE97-2C837B606E6C}
		{1618D04A-E1B5-4218-AF07-6ACC64A89E3B} = {1618D04A-E1B5-4218-AF07-6ACC64A89E3B}
		{D5F3B358-445E-411D-AE82-5FDCAA29D06D} = {D5F3B358-445E-411D-AE82-5FDCAA29D06D}
		{F97C1D74-1014-4A6B-874F-6E9CBABFDF83} = {F97C1D74-1014-4A6B-874F-6E9CBABFDF83}
		{E0619E76-51B5-450B-A23D-2DB19C9F9F99} = {E0619E76-51B5-450B-A23D-2DB19C9F9F99}
		{C0D40D85-D6CF-4671-A7FF-729642851DC7} = {C0D40D85-D6CF-4671-A7FF-729642851DC7}
		{7D627785-77D1-4804-8569-2FD0B9FA182F} = {7D627785-77D1-4804-8569-2FD0B9FA182F}
		{3EDB029D-D313-497D-B526-2D41E093CC13} = {3EDB029D-D313-497D-B526-2D41E093CC13}
		{699F4DCB-2F0E-4A50-9416-96C8A29777E2} = {699F4DCB-2F0E-4A50-9416-96C8A29777E2}
		{ABBD38D0-4AD8-44D7-9492-7814621C9FB7} = {ABBD38D0-4AD8-44D7-9492-7814621C9FB7}
		{F6B19AD9-D560-4F2F-9EFA-8259A0BD1833} = {F6B19AD9-D560-4F2F-9EFA-8259A0BD1833}
		{7033ECDF-047C-42BB-8FD8-8FED513D4BBC} = {7033ECDF-047C-42BB-8FD8-8FED513D4BBC}
		{8F86DFE9-87F3-48FF-BF60-6086BD216E83} = {8F86DFE9-87F3-48FF-BF60-6086BD216E83}
	EndProjectSection
EndProject
Project("{8BC9CEB8-8B4A-11D0-8D11-00A0C91BC942}") = "utility", "Common\utility\utility.vcxproj", "{8A092E2C-7E71-4330-A55A-B8511120FCF7}"
	ProjectSection(ProjectDependencies) = postProject
		{7DF1CF21-FA6B-4B36-91F8-FE6C2346C440} = {7DF1CF21-FA6B-4B36-91F8-FE6C2346C440}
	EndProjectSection
EndProject
Project("{8BC9CEB8-8B4A-11D0-8D11-00A0C91BC942}") = "HraIpcClientPlugin", "Common\AsiEsmIpcClientPlugin\AsiEsmIpcClientPlugin.vcxproj", "{F6B19AD9-D560-4F2F-9EFA-8259A0BD1833}"
EndProject
Project("{8BC9CEB8-8B4A-11D0-8D11-00A0C91BC942}") = "HraIpcServerPlugin", "Common\AsiEsmIpcServerPlugin\AsiEsmIpcServerPlugin.vcxproj", "{6C607312-27D9-4DBE-8F8B-EDF4F9539670}"
EndProject
Project("{2150E333-8FDC-42A3-9474-1A3956D46DE8}") = "Core", "Core", "{EB6963C9-08E8-4F4A-A1EA-EF8A71609A0E}"
EndProject
Project("{8BC9CEB8-8B4A-11D0-8D11-00A0C91BC942}") = "HRAModuleInterface", "Core\HRAModuleInterface\HRAModuleInterface.vcxproj", "{1873B01B-5B19-4B08-B065-9A01A332B3F3}"
	ProjectSection(ProjectDependencies) = postProject
		{16DA4F10-E936-4A3C-AB14-444555944842} = {16DA4F10-E936-4A3C-AB14-444555944842}
		{8A092E2C-7E71-4330-A55A-B8511120FCF7} = {8A092E2C-7E71-4330-A55A-B8511120FCF7}
		{46567A49-2166-4253-BE97-2C837B606E6C} = {46567A49-2166-4253-BE97-2C837B606E6C}
		{D5F3B358-445E-411D-AE82-5FDCAA29D06D} = {D5F3B358-445E-411D-AE82-5FDCAA29D06D}
		{F97C1D74-1014-4A6B-874F-6E9CBABFDF83} = {F97C1D74-1014-4A6B-874F-6E9CBABFDF83}
		{C0D40D85-D6CF-4671-A7FF-729642851DC7} = {C0D40D85-D6CF-4671-A7FF-729642851DC7}
		{7D627785-77D1-4804-8569-2FD0B9FA182F} = {7D627785-77D1-4804-8569-2FD0B9FA182F}
		{3EDB029D-D313-497D-B526-2D41E093CC13} = {3EDB029D-D313-497D-B526-2D41E093CC13}
		{699F4DCB-2F0E-4A50-9416-96C8A29777E2} = {699F4DCB-2F0E-4A50-9416-96C8A29777E2}
		{7033ECDF-047C-42BB-8FD8-8FED513D4BBC} = {7033ECDF-047C-42BB-8FD8-8FED513D4BBC}
		{8F86DFE9-87F3-48FF-BF60-6086BD216E83} = {8F86DFE9-87F3-48FF-BF60-6086BD216E83}
	EndProjectSection
EndProject
Project("{8BC9CEB8-8B4A-11D0-8D11-00A0C91BC942}") = "HRATaskScheduler", "Core\HRATaskScheduler\HRATaskScheduler.vcxproj", "{ABBD38D0-4AD8-44D7-9492-7814621C9FB7}"
	ProjectSection(ProjectDependencies) = postProject
		{8A092E2C-7E71-4330-A55A-B8511120FCF7} = {8A092E2C-7E71-4330-A55A-B8511120FCF7}
	EndProjectSection
EndProject
Project("{8BC9CEB8-8B4A-11D0-8D11-00A0C91BC942}") = "AppScan", "Features\AppScan\AppScan.vcxproj", "{7033ECDF-047C-42BB-8FD8-8FED513D4BBC}"
	ProjectSection(ProjectDependencies) = postProject
		{8A092E2C-7E71-4330-A55A-B8511120FCF7} = {8A092E2C-7E71-4330-A55A-B8511120FCF7}
		{ABBD38D0-4AD8-44D7-9492-7814621C9FB7} = {ABBD38D0-4AD8-44D7-9492-7814621C9FB7}
	EndProjectSection
EndProject
Project("{8BC9CEB8-8B4A-11D0-8D11-00A0C91BC942}") = "OsScan", "Features\OsScan\OsScan.vcxproj", "{D5F3B358-445E-411D-AE82-5FDCAA29D06D}"
	ProjectSection(ProjectDependencies) = postProject
		{8A092E2C-7E71-4330-A55A-B8511120FCF7} = {8A092E2C-7E71-4330-A55A-B8511120FCF7}
		{ABBD38D0-4AD8-44D7-9492-7814621C9FB7} = {ABBD38D0-4AD8-44D7-9492-7814621C9FB7}
	EndProjectSection
EndProject
Project("{8BC9CEB8-8B4A-11D0-8D11-00A0C91BC942}") = "AssetScan", "Features\AssetScan\AssetScan.vcxproj", "{8F86DFE9-87F3-48FF-BF60-6086BD216E83}"
	ProjectSection(ProjectDependencies) = postProject
		{5D2A2B20-9780-4E3F-9EA3-828650C80189} = {5D2A2B20-9780-4E3F-9EA3-828650C80189}
		{8A092E2C-7E71-4330-A55A-B8511120FCF7} = {8A092E2C-7E71-4330-A55A-B8511120FCF7}
		{2E763DA2-31B3-4BFF-94DA-32D69926FB38} = {2E763DA2-31B3-4BFF-94DA-32D69926FB38}
		{ABBD38D0-4AD8-44D7-9492-7814621C9FB7} = {ABBD38D0-4AD8-44D7-9492-7814621C9FB7}
	EndProjectSection
EndProject
Project("{8BC9CEB8-8B4A-11D0-8D11-00A0C91BC942}") = "BaseLine", "Features\BaseLine\BaseLine.vcxproj", "{46567A49-2166-4253-BE97-2C837B606E6C}"
	ProjectSection(ProjectDependencies) = postProject
		{8A092E2C-7E71-4330-A55A-B8511120FCF7} = {8A092E2C-7E71-4330-A55A-B8511120FCF7}
		{E3CF4D3A-A8E5-4084-A551-6747C1829DFE} = {E3CF4D3A-A8E5-4084-A551-6747C1829DFE}
		{ABBD38D0-4AD8-44D7-9492-7814621C9FB7} = {ABBD38D0-4AD8-44D7-9492-7814621C9FB7}
		{473499F9-CF96-4D02-B6E2-9E6B345E8AC1} = {473499F9-CF96-4D02-B6E2-9E6B345E8AC1}
	EndProjectSection
EndProject
Project("{8BC9CEB8-8B4A-11D0-8D11-00A0C91BC942}") = "PatternUpdate", "Features\PatternUpdate\PatternUpdate.vcxproj", "{3EDB029D-D313-497D-B526-2D41E093CC13}"
	ProjectSection(ProjectDependencies) = postProject
		{16DA4F10-E936-4A3C-AB14-444555944842} = {16DA4F10-E936-4A3C-AB14-444555944842}
		{8A092E2C-7E71-4330-A55A-B8511120FCF7} = {8A092E2C-7E71-4330-A55A-B8511120FCF7}
		{46567A49-2166-4253-BE97-2C837B606E6C} = {46567A49-2166-4253-BE97-2C837B606E6C}
		{D5F3B358-445E-411D-AE82-5FDCAA29D06D} = {D5F3B358-445E-411D-AE82-5FDCAA29D06D}
		{C0D40D85-D6CF-4671-A7FF-729642851DC7} = {C0D40D85-D6CF-4671-A7FF-729642851DC7}
		{ABBD38D0-4AD8-44D7-9492-7814621C9FB7} = {ABBD38D0-4AD8-44D7-9492-7814621C9FB7}
		{7033ECDF-047C-42BB-8FD8-8FED513D4BBC} = {7033ECDF-047C-42BB-8FD8-8FED513D4BBC}
		{8F86DFE9-87F3-48FF-BF60-6086BD216E83} = {8F86DFE9-87F3-48FF-BF60-6086BD216E83}
	EndProjectSection
EndProject
Project("{2150E333-8FDC-42A3-9474-1A3956D46DE8}") = "Test", "Test", "{BD7F6A67-8B34-4027-AB01-C102AB0E99B7}"
EndProject
Project("{8BC9CEB8-8B4A-11D0-8D11-00A0C91BC942}") = "UnitTest", "Test\UnitTest\UnitTest.vcxproj", "{AD33D536-0241-4F4B-92E1-CAA5D34AC62E}"
	ProjectSection(ProjectDependencies) = postProject
		{16DA4F10-E936-4A3C-AB14-444555944842} = {16DA4F10-E936-4A3C-AB14-444555944842}
		{67B5C520-2B82-4F3F-84FA-D43687DE5F53} = {67B5C520-2B82-4F3F-84FA-D43687DE5F53}
		{8A092E2C-7E71-4330-A55A-B8511120FCF7} = {8A092E2C-7E71-4330-A55A-B8511120FCF7}
		{46567A49-2166-4253-BE97-2C837B606E6C} = {46567A49-2166-4253-BE97-2C837B606E6C}
		{D5F3B358-445E-411D-AE82-5FDCAA29D06D} = {D5F3B358-445E-411D-AE82-5FDCAA29D06D}
		{C0D40D85-D6CF-4671-A7FF-729642851DC7} = {C0D40D85-D6CF-4671-A7FF-729642851DC7}
		{699F4DCB-2F0E-4A50-9416-96C8A29777E2} = {699F4DCB-2F0E-4A50-9416-96C8A29777E2}
		{ED7A6ED4-6479-4187-B120-03C1044FEEE0} = {ED7A6ED4-6479-4187-B120-03C1044FEEE0}
		{7033ECDF-047C-42BB-8FD8-8FED513D4BBC} = {7033ECDF-047C-42BB-8FD8-8FED513D4BBC}
		{8F86DFE9-87F3-48FF-BF60-6086BD216E83} = {8F86DFE9-87F3-48FF-BF60-6086BD216E83}
	EndProjectSection
EndProject
Project("{8BC9CEB8-8B4A-11D0-8D11-00A0C91BC942}") = "PostBuildPrep", "PostBuildPrep\PostBuildPrep.vcxproj", "{9E3940F6-AE48-49BD-9769-D861CFDE11F2}"
	ProjectSection(ProjectDependencies) = postProject
		{C6DFAFED-E22C-4861-8573-E67964A2D7E5} = {C6DFAFED-E22C-4861-8573-E67964A2D7E5}
		{7F83BDFF-B90A-48C8-9EAC-7BA2325EDBE7} = {7F83BDFF-B90A-48C8-9EAC-7BA2325EDBE7}
	EndProjectSection
EndProject
Project("{8BC9CEB8-8B4A-11D0-8D11-00A0C91BC942}") = "VersionControl", "VersionControl\VersionControl.vcxproj", "{C6DFAFED-E22C-4861-8573-E67964A2D7E5}"
	ProjectSection(ProjectDependencies) = postProject
		{8A092E2C-7E71-4330-A55A-B8511120FCF7} = {8A092E2C-7E71-4330-A55A-B8511120FCF7}
	EndProjectSection
EndProject
Project("{8BC9CEB8-8B4A-11D0-8D11-00A0C91BC942}") = "HraRpcCommModule", "Core\HraRpcCommModule\HraRpcCommModule.vcxproj", "{E0619E76-51B5-450B-A23D-2DB19C9F9F99}"
	ProjectSection(ProjectDependencies) = postProject
		{16DA4F10-E936-4A3C-AB14-444555944842} = {16DA4F10-E936-4A3C-AB14-444555944842}
		{6C607312-27D9-4DBE-8F8B-EDF4F9539670} = {6C607312-27D9-4DBE-8F8B-EDF4F9539670}
		{1873B01B-5B19-4B08-B065-9A01A332B3F3} = {1873B01B-5B19-4B08-B065-9A01A332B3F3}
		{7DF1CF21-FA6B-4B36-91F8-FE6C2346C440} = {7DF1CF21-FA6B-4B36-91F8-FE6C2346C440}
		{8A092E2C-7E71-4330-A55A-B8511120FCF7} = {8A092E2C-7E71-4330-A55A-B8511120FCF7}
		{46567A49-2166-4253-BE97-2C837B606E6C} = {46567A49-2166-4253-BE97-2C837B606E6C}
		{D5F3B358-445E-411D-AE82-5FDCAA29D06D} = {D5F3B358-445E-411D-AE82-5FDCAA29D06D}
		{F97C1D74-1014-4A6B-874F-6E9CBABFDF83} = {F97C1D74-1014-4A6B-874F-6E9CBABFDF83}
		{C0D40D85-D6CF-4671-A7FF-729642851DC7} = {C0D40D85-D6CF-4671-A7FF-729642851DC7}
		{7D627785-77D1-4804-8569-2FD0B9FA182F} = {7D627785-77D1-4804-8569-2FD0B9FA182F}
		{3EDB029D-D313-497D-B526-2D41E093CC13} = {3EDB029D-D313-497D-B526-2D41E093CC13}
		{699F4DCB-2F0E-4A50-9416-96C8A29777E2} = {699F4DCB-2F0E-4A50-9416-96C8A29777E2}
		{F6B19AD9-D560-4F2F-9EFA-8259A0BD1833} = {F6B19AD9-D560-4F2F-9EFA-8259A0BD1833}
		{7033ECDF-047C-42BB-8FD8-8FED513D4BBC} = {7033ECDF-047C-42BB-8FD8-8FED513D4BBC}
		{8F86DFE9-87F3-48FF-BF60-6086BD216E83} = {8F86DFE9-87F3-48FF-BF60-6086BD216E83}
	EndProjectSection
EndProject
Project("{8BC9CEB8-8B4A-11D0-8D11-00A0C91BC942}") = "Dolphin", "Features\Dolphin\Dolphin.vcxproj", "{16DA4F10-E936-4A3C-AB14-444555944842}"
	ProjectSection(ProjectDependencies) = postProject
		{8A092E2C-7E71-4330-A55A-B8511120FCF7} = {8A092E2C-7E71-4330-A55A-B8511120FCF7}
		{164EB63E-8A14-44F2-98D8-4E787C758BB9} = {164EB63E-8A14-44F2-98D8-4E787C758BB9}
		{ABBD38D0-4AD8-44D7-9492-7814621C9FB7} = {ABBD38D0-4AD8-44D7-9492-7814621C9FB7}
	EndProjectSection
EndProject
Project("{8BC9CEB8-8B4A-11D0-8D11-00A0C91BC942}") = "DolphinCore", "Core\DolphinCore\DolphinCore.vcxproj", "{164EB63E-8A14-44F2-98D8-4E787C758BB9}"
	ProjectSection(ProjectDependencies) = postProject
		{8A092E2C-7E71-4330-A55A-B8511120FCF7} = {8A092E2C-7E71-4330-A55A-B8511120FCF7}
	EndProjectSection
EndProject
Project("{8BC9CEB8-8B4A-11D0-8D11-00A0C91BC942}") = "LogMgr", "Features\LogMgr\LogMgr.vcxproj", "{F97C1D74-1014-4A6B-874F-6E9CBABFDF83}"
	ProjectSection(ProjectDependencies) = postProject
		{8A092E2C-7E71-4330-A55A-B8511120FCF7} = {8A092E2C-7E71-4330-A55A-B8511120FCF7}
	EndProjectSection
EndProject
Project("{8BC9CEB8-8B4A-11D0-8D11-00A0C91BC942}") = "RegReport", "Features\RegReport\RegReport.vcxproj", "{7D627785-77D1-4804-8569-2FD0B9FA182F}"
	ProjectSection(ProjectDependencies) = postProject
		{8A092E2C-7E71-4330-A55A-B8511120FCF7} = {8A092E2C-7E71-4330-A55A-B8511120FCF7}
	EndProjectSection
EndProject
Project("{8BC9CEB8-8B4A-11D0-8D11-00A0C91BC942}") = "ntlm_test", "Test\ntlm_test\ntlm_test.vcxproj", "{C7025536-FEBC-4F95-9DBF-47137725DAA8}"
EndProject
Project("{8BC9CEB8-8B4A-11D0-8D11-00A0C91BC942}") = "HraInstall", "Common\HraInstall\HraInstall.vcxproj", "{1618D04A-E1B5-4218-AF07-6ACC64A89E3B}"
	ProjectSection(ProjectDependencies) = postProject
		{E3CF4D3A-A8E5-4084-A551-6747C1829DFE} = {E3CF4D3A-A8E5-4084-A551-6747C1829DFE}
	EndProjectSection
EndProject
Project("{8BC9CEB8-8B4A-11D0-8D11-00A0C91BC942}") = "HraIpcInterface", "Common\HraIpcInterface\HraIpcInterface.vcxproj", "{7DF1CF21-FA6B-4B36-91F8-FE6C2346C440}"
	ProjectSection(ProjectDependencies) = postProject
		{6C607312-27D9-4DBE-8F8B-EDF4F9539670} = {6C607312-27D9-4DBE-8F8B-EDF4F9539670}
		{F6B19AD9-D560-4F2F-9EFA-8259A0BD1833} = {F6B19AD9-D560-4F2F-9EFA-8259A0BD1833}
	EndProjectSection
EndProject
Project("{2150E333-8FDC-42A3-9474-1A3956D46DE8}") = "Libs", "Libs", "{DBF56329-279E-418D-AFED-DB7D6BE5F079}"
EndProject
Project("{8BC9CEB8-8B4A-11D0-8D11-00A0C91BC942}") = "hra_crypt", "Apps\hra_crypt\hra_crypt.vcxproj", "{186F14AD-0BBA-4971-A8F9-0538056D2BA4}"
	ProjectSection(ProjectDependencies) = postProject
		{46567A49-2166-4253-BE97-2C837B606E6C} = {46567A49-2166-4253-BE97-2C837B606E6C}
		{473499F9-CF96-4D02-B6E2-9E6B345E8AC1} = {473499F9-CF96-4D02-B6E2-9E6B345E8AC1}
	EndProjectSection
EndProject
Project("{8BC9CEB8-8B4A-11D0-8D11-00A0C91BC942}") = "hra_test", "Test\hra_test\hra_test.vcxproj", "{1EEECE70-33F6-475F-B662-6786D63F2931}"
	ProjectSection(ProjectDependencies) = postProject
		{16DA4F10-E936-4A3C-AB14-444555944842} = {16DA4F10-E936-4A3C-AB14-444555944842}
		{7DF1CF21-FA6B-4B36-91F8-FE6C2346C440} = {7DF1CF21-FA6B-4B36-91F8-FE6C2346C440}
		{8A092E2C-7E71-4330-A55A-B8511120FCF7} = {8A092E2C-7E71-4330-A55A-B8511120FCF7}
		{46567A49-2166-4253-BE97-2C837B606E6C} = {46567A49-2166-4253-BE97-2C837B606E6C}
		{1618D04A-E1B5-4218-AF07-6ACC64A89E3B} = {1618D04A-E1B5-4218-AF07-6ACC64A89E3B}
		{D5F3B358-445E-411D-AE82-5FDCAA29D06D} = {D5F3B358-445E-411D-AE82-5FDCAA29D06D}
		{F97C1D74-1014-4A6B-874F-6E9CBABFDF83} = {F97C1D74-1014-4A6B-874F-6E9CBABFDF83}
		{C0D40D85-D6CF-4671-A7FF-729642851DC7} = {C0D40D85-D6CF-4671-A7FF-729642851DC7}
		{7D627785-77D1-4804-8569-2FD0B9FA182F} = {7D627785-77D1-4804-8569-2FD0B9FA182F}
		{3EDB029D-D313-497D-B526-2D41E093CC13} = {3EDB029D-D313-497D-B526-2D41E093CC13}
		{7033ECDF-047C-42BB-8FD8-8FED513D4BBC} = {7033ECDF-047C-42BB-8FD8-8FED513D4BBC}
		{8F86DFE9-87F3-48FF-BF60-6086BD216E83} = {8F86DFE9-87F3-48FF-BF60-6086BD216E83}
	EndProjectSection
EndProject
Project("{8BC9CEB8-8B4A-11D0-8D11-00A0C91BC942}") = "LibConfigParser", "Common\Libs\LibConfigParser\LibConfigParser.vcxproj", "{5D2A2B20-9780-4E3F-9EA3-828650C80189}"
EndProject
Project("{8BC9CEB8-8B4A-11D0-8D11-00A0C91BC942}") = "libAssetScan", "Test\libAssetScan\libAssetScan.vcxproj", "{ED7A6ED4-6479-4187-B120-03C1044FEEE0}"
	ProjectSection(ProjectDependencies) = postProject
		{8A092E2C-7E71-4330-A55A-B8511120FCF7} = {8A092E2C-7E71-4330-A55A-B8511120FCF7}
	EndProjectSection
EndProject
Project("{8BC9CEB8-8B4A-11D0-8D11-00A0C91BC942}") = "HostDiscovery", "Features\HostDiscovery\HostDiscovery.vcxproj", "{699F4DCB-2F0E-4A50-9416-96C8A29777E2}"
	ProjectSection(ProjectDependencies) = postProject
		{8A092E2C-7E71-4330-A55A-B8511120FCF7} = {8A092E2C-7E71-4330-A55A-B8511120FCF7}
		{ABBD38D0-4AD8-44D7-9492-7814621C9FB7} = {ABBD38D0-4AD8-44D7-9492-7814621C9FB7}
	EndProjectSection
EndProject
Project("{8BC9CEB8-8B4A-11D0-8D11-00A0C91BC942}") = "LibHostDiscovery", "Test\libHostDiscovery\libHostDiscovery.vcxproj", "{67B5C520-2B82-4F3F-84FA-D43687DE5F53}"
EndProject
Project("{8BC9CEB8-8B4A-11D0-8D11-00A0C91BC942}") = "LibPatternCypher", "Common\Libs\LibPatternCypher\LibPatternCypher.vcxproj", "{473499F9-CF96-4D02-B6E2-9E6B345E8AC1}"
	ProjectSection(ProjectDependencies) = postProject
		{8A092E2C-7E71-4330-A55A-B8511120FCF7} = {8A092E2C-7E71-4330-A55A-B8511120FCF7}
	EndProjectSection
EndProject
Project("{8BC9CEB8-8B4A-11D0-8D11-00A0C91BC942}") = "VulnPoc", "Features\VulnPoc\VulnPoc.vcxproj", "{C0D40D85-D6CF-4671-A7FF-729642851DC7}"
	ProjectSection(ProjectDependencies) = postProject
		{8A092E2C-7E71-4330-A55A-B8511120FCF7} = {8A092E2C-7E71-4330-A55A-B8511120FCF7}
		{ABBD38D0-4AD8-44D7-9492-7814621C9FB7} = {ABBD38D0-4AD8-44D7-9492-7814621C9FB7}
		{473499F9-CF96-4D02-B6E2-9E6B345E8AC1} = {473499F9-CF96-4D02-B6E2-9E6B345E8AC1}
	EndProjectSection
EndProject
Project("{8BC9CEB8-8B4A-11D0-8D11-00A0C91BC942}") = "hra_dolphin", "Apps\hra_dolphin\hra_dolphin.vcxproj", "{450ACCD0-758B-4424-805E-E5763E05F9E7}"
	ProjectSection(ProjectDependencies) = postProject
		{8A092E2C-7E71-4330-A55A-B8511120FCF7} = {8A092E2C-7E71-4330-A55A-B8511120FCF7}
		{164EB63E-8A14-44F2-98D8-4E787C758BB9} = {164EB63E-8A14-44F2-98D8-4E787C758BB9}
		{1618D04A-E1B5-4218-AF07-6ACC64A89E3B} = {1618D04A-E1B5-4218-AF07-6ACC64A89E3B}
	EndProjectSection
EndProject
Project("{8BC9CEB8-8B4A-11D0-8D11-00A0C91BC942}") = "LibUtilityBase", "Common\Libs\LibUtilityBase\LibUtilityBase.vcxproj", "{E3CF4D3A-A8E5-4084-A551-6747C1829DFE}"
EndProject
Project("{8BC9CEB8-8B4A-11D0-8D11-00A0C91BC942}") = "AssetEngineWrapper", "Core\AssetEngineWrapper\AssetEngineWrapper.vcxproj", "{2E763DA2-31B3-4BFF-94DA-32D69926FB38}"
	ProjectSection(ProjectDependencies) = postProject
		{8A092E2C-7E71-4330-A55A-B8511120FCF7} = {8A092E2C-7E71-4330-A55A-B8511120FCF7}
	EndProjectSection
EndProject
Global
	GlobalSection(SolutionConfigurationPlatforms) = preSolution
		Debug|Win32 = Debug|Win32
		Debug|x64 = Debug|x64
		Release|Win32 = Release|Win32
		Release|x64 = Release|x64
	EndGlobalSection
	GlobalSection(ProjectConfigurationPlatforms) = postSolution
		{7F83BDFF-B90A-48C8-9EAC-7BA2325EDBE7}.Debug|Win32.ActiveCfg = Debug|Win32
		{7F83BDFF-B90A-48C8-9EAC-7BA2325EDBE7}.Debug|Win32.Build.0 = Debug|Win32
		{7F83BDFF-B90A-48C8-9EAC-7BA2325EDBE7}.Debug|x64.ActiveCfg = Debug|x64
		{7F83BDFF-B90A-48C8-9EAC-7BA2325EDBE7}.Debug|x64.Build.0 = Debug|x64
		{7F83BDFF-B90A-48C8-9EAC-7BA2325EDBE7}.Release|Win32.ActiveCfg = Release|Win32
		{7F83BDFF-B90A-48C8-9EAC-7BA2325EDBE7}.Release|Win32.Build.0 = Release|Win32
		{7F83BDFF-B90A-48C8-9EAC-7BA2325EDBE7}.Release|x64.ActiveCfg = Release|x64
		{7F83BDFF-B90A-48C8-9EAC-7BA2325EDBE7}.Release|x64.Build.0 = Release|x64
		{8A092E2C-7E71-4330-A55A-B8511120FCF7}.Debug|Win32.ActiveCfg = Debug|Win32
		{8A092E2C-7E71-4330-A55A-B8511120FCF7}.Debug|Win32.Build.0 = Debug|Win32
		{8A092E2C-7E71-4330-A55A-B8511120FCF7}.Debug|x64.ActiveCfg = Debug|x64
		{8A092E2C-7E71-4330-A55A-B8511120FCF7}.Debug|x64.Build.0 = Debug|x64
		{8A092E2C-7E71-4330-A55A-B8511120FCF7}.Release|Win32.ActiveCfg = Release|Win32
		{8A092E2C-7E71-4330-A55A-B8511120FCF7}.Release|Win32.Build.0 = Release|Win32
		{8A092E2C-7E71-4330-A55A-B8511120FCF7}.Release|x64.ActiveCfg = Release|x64
		{8A092E2C-7E71-4330-A55A-B8511120FCF7}.Release|x64.Build.0 = Release|x64
		{F6B19AD9-D560-4F2F-9EFA-8259A0BD1833}.Debug|Win32.ActiveCfg = Debug|Win32
		{F6B19AD9-D560-4F2F-9EFA-8259A0BD1833}.Debug|Win32.Build.0 = Debug|Win32
		{F6B19AD9-D560-4F2F-9EFA-8259A0BD1833}.Debug|x64.ActiveCfg = Debug|x64
		{F6B19AD9-D560-4F2F-9EFA-8259A0BD1833}.Debug|x64.Build.0 = Debug|x64
		{F6B19AD9-D560-4F2F-9EFA-8259A0BD1833}.Release|Win32.ActiveCfg = Release|Win32
		{F6B19AD9-D560-4F2F-9EFA-8259A0BD1833}.Release|Win32.Build.0 = Release|Win32
		{F6B19AD9-D560-4F2F-9EFA-8259A0BD1833}.Release|x64.ActiveCfg = Release|x64
		{F6B19AD9-D560-4F2F-9EFA-8259A0BD1833}.Release|x64.Build.0 = Release|x64
		{6C607312-27D9-4DBE-8F8B-EDF4F9539670}.Debug|Win32.ActiveCfg = Debug|Win32
		{6C607312-27D9-4DBE-8F8B-EDF4F9539670}.Debug|Win32.Build.0 = Debug|Win32
		{6C607312-27D9-4DBE-8F8B-EDF4F9539670}.Debug|x64.ActiveCfg = Debug|x64
		{6C607312-27D9-4DBE-8F8B-EDF4F9539670}.Debug|x64.Build.0 = Debug|x64
		{6C607312-27D9-4DBE-8F8B-EDF4F9539670}.Release|Win32.ActiveCfg = Release|Win32
		{6C607312-27D9-4DBE-8F8B-EDF4F9539670}.Release|Win32.Build.0 = Release|Win32
		{6C607312-27D9-4DBE-8F8B-EDF4F9539670}.Release|x64.ActiveCfg = Release|x64
		{6C607312-27D9-4DBE-8F8B-EDF4F9539670}.Release|x64.Build.0 = Release|x64
		{1873B01B-5B19-4B08-B065-9A01A332B3F3}.Debug|Win32.ActiveCfg = Debug|Win32
		{1873B01B-5B19-4B08-B065-9A01A332B3F3}.Debug|Win32.Build.0 = Debug|Win32
		{1873B01B-5B19-4B08-B065-9A01A332B3F3}.Debug|x64.ActiveCfg = Debug|x64
		{1873B01B-5B19-4B08-B065-9A01A332B3F3}.Debug|x64.Build.0 = Debug|x64
		{1873B01B-5B19-4B08-B065-9A01A332B3F3}.Release|Win32.ActiveCfg = Release|Win32
		{1873B01B-5B19-4B08-B065-9A01A332B3F3}.Release|Win32.Build.0 = Release|Win32
		{1873B01B-5B19-4B08-B065-9A01A332B3F3}.Release|x64.ActiveCfg = Release|x64
		{1873B01B-5B19-4B08-B065-9A01A332B3F3}.Release|x64.Build.0 = Release|x64
		{ABBD38D0-4AD8-44D7-9492-7814621C9FB7}.Debug|Win32.ActiveCfg = Debug|Win32
		{ABBD38D0-4AD8-44D7-9492-7814621C9FB7}.Debug|Win32.Build.0 = Debug|Win32
		{ABBD38D0-4AD8-44D7-9492-7814621C9FB7}.Debug|x64.ActiveCfg = Debug|x64
		{ABBD38D0-4AD8-44D7-9492-7814621C9FB7}.Debug|x64.Build.0 = Debug|x64
		{ABBD38D0-4AD8-44D7-9492-7814621C9FB7}.Release|Win32.ActiveCfg = Release|Win32
		{ABBD38D0-4AD8-44D7-9492-7814621C9FB7}.Release|Win32.Build.0 = Release|Win32
		{ABBD38D0-4AD8-44D7-9492-7814621C9FB7}.Release|x64.ActiveCfg = Release|x64
		{ABBD38D0-4AD8-44D7-9492-7814621C9FB7}.Release|x64.Build.0 = Release|x64
		{7033ECDF-047C-42BB-8FD8-8FED513D4BBC}.Debug|Win32.ActiveCfg = Debug|Win32
		{7033ECDF-047C-42BB-8FD8-8FED513D4BBC}.Debug|Win32.Build.0 = Debug|Win32
		{7033ECDF-047C-42BB-8FD8-8FED513D4BBC}.Debug|x64.ActiveCfg = Debug|x64
		{7033ECDF-047C-42BB-8FD8-8FED513D4BBC}.Debug|x64.Build.0 = Debug|x64
		{7033ECDF-047C-42BB-8FD8-8FED513D4BBC}.Release|Win32.ActiveCfg = Release|Win32
		{7033ECDF-047C-42BB-8FD8-8FED513D4BBC}.Release|Win32.Build.0 = Release|Win32
		{7033ECDF-047C-42BB-8FD8-8FED513D4BBC}.Release|x64.ActiveCfg = Release|x64
		{7033ECDF-047C-42BB-8FD8-8FED513D4BBC}.Release|x64.Build.0 = Release|x64
		{D5F3B358-445E-411D-AE82-5FDCAA29D06D}.Debug|Win32.ActiveCfg = Debug|Win32
		{D5F3B358-445E-411D-AE82-5FDCAA29D06D}.Debug|Win32.Build.0 = Debug|Win32
		{D5F3B358-445E-411D-AE82-5FDCAA29D06D}.Debug|x64.ActiveCfg = Debug|x64
		{D5F3B358-445E-411D-AE82-5FDCAA29D06D}.Debug|x64.Build.0 = Debug|x64
		{D5F3B358-445E-411D-AE82-5FDCAA29D06D}.Release|Win32.ActiveCfg = Release|Win32
		{D5F3B358-445E-411D-AE82-5FDCAA29D06D}.Release|Win32.Build.0 = Release|Win32
		{D5F3B358-445E-411D-AE82-5FDCAA29D06D}.Release|x64.ActiveCfg = Release|x64
		{D5F3B358-445E-411D-AE82-5FDCAA29D06D}.Release|x64.Build.0 = Release|x64
		{8F86DFE9-87F3-48FF-BF60-6086BD216E83}.Debug|Win32.ActiveCfg = Debug|Win32
		{8F86DFE9-87F3-48FF-BF60-6086BD216E83}.Debug|Win32.Build.0 = Debug|Win32
		{8F86DFE9-87F3-48FF-BF60-6086BD216E83}.Debug|x64.ActiveCfg = Debug|x64
		{8F86DFE9-87F3-48FF-BF60-6086BD216E83}.Debug|x64.Build.0 = Debug|x64
		{8F86DFE9-87F3-48FF-BF60-6086BD216E83}.Release|Win32.ActiveCfg = Release|Win32
		{8F86DFE9-87F3-48FF-BF60-6086BD216E83}.Release|Win32.Build.0 = Release|Win32
		{8F86DFE9-87F3-48FF-BF60-6086BD216E83}.Release|x64.ActiveCfg = Release|x64
		{8F86DFE9-87F3-48FF-BF60-6086BD216E83}.Release|x64.Build.0 = Release|x64
		{46567A49-2166-4253-BE97-2C837B606E6C}.Debug|Win32.ActiveCfg = Debug|Win32
		{46567A49-2166-4253-BE97-2C837B606E6C}.Debug|Win32.Build.0 = Debug|Win32
		{46567A49-2166-4253-BE97-2C837B606E6C}.Debug|x64.ActiveCfg = Debug|x64
		{46567A49-2166-4253-BE97-2C837B606E6C}.Debug|x64.Build.0 = Debug|x64
		{46567A49-2166-4253-BE97-2C837B606E6C}.Release|Win32.ActiveCfg = Release|Win32
		{46567A49-2166-4253-BE97-2C837B606E6C}.Release|Win32.Build.0 = Release|Win32
		{46567A49-2166-4253-BE97-2C837B606E6C}.Release|x64.ActiveCfg = Release|x64
		{46567A49-2166-4253-BE97-2C837B606E6C}.Release|x64.Build.0 = Release|x64
		{3EDB029D-D313-497D-B526-2D41E093CC13}.Debug|Win32.ActiveCfg = Debug|Win32
		{3EDB029D-D313-497D-B526-2D41E093CC13}.Debug|Win32.Build.0 = Debug|Win32
		{3EDB029D-D313-497D-B526-2D41E093CC13}.Debug|x64.ActiveCfg = Debug|x64
		{3EDB029D-D313-497D-B526-2D41E093CC13}.Debug|x64.Build.0 = Debug|x64
		{3EDB029D-D313-497D-B526-2D41E093CC13}.Release|Win32.ActiveCfg = Release|Win32
		{3EDB029D-D313-497D-B526-2D41E093CC13}.Release|Win32.Build.0 = Release|Win32
		{3EDB029D-D313-497D-B526-2D41E093CC13}.Release|x64.ActiveCfg = Release|x64
		{3EDB029D-D313-497D-B526-2D41E093CC13}.Release|x64.Build.0 = Release|x64
		{AD33D536-0241-4F4B-92E1-CAA5D34AC62E}.Debug|Win32.ActiveCfg = Debug|Win32
		{AD33D536-0241-4F4B-92E1-CAA5D34AC62E}.Debug|x64.ActiveCfg = Debug|x64
		{AD33D536-0241-4F4B-92E1-CAA5D34AC62E}.Release|Win32.ActiveCfg = Release|Win32
		{AD33D536-0241-4F4B-92E1-CAA5D34AC62E}.Release|x64.ActiveCfg = Release|x64
		{9E3940F6-AE48-49BD-9769-D861CFDE11F2}.Debug|Win32.ActiveCfg = Debug|Win32
		{9E3940F6-AE48-49BD-9769-D861CFDE11F2}.Debug|Win32.Build.0 = Debug|Win32
		{9E3940F6-AE48-49BD-9769-D861CFDE11F2}.Debug|x64.ActiveCfg = Debug|x64
		{9E3940F6-AE48-49BD-9769-D861CFDE11F2}.Debug|x64.Build.0 = Debug|x64
		{9E3940F6-AE48-49BD-9769-D861CFDE11F2}.Release|Win32.ActiveCfg = Release|Win32
		{9E3940F6-AE48-49BD-9769-D861CFDE11F2}.Release|Win32.Build.0 = Release|Win32
		{9E3940F6-AE48-49BD-9769-D861CFDE11F2}.Release|x64.ActiveCfg = Release|x64
		{9E3940F6-AE48-49BD-9769-D861CFDE11F2}.Release|x64.Build.0 = Release|x64
		{C6DFAFED-E22C-4861-8573-E67964A2D7E5}.Debug|Win32.ActiveCfg = Debug|Win32
		{C6DFAFED-E22C-4861-8573-E67964A2D7E5}.Debug|Win32.Build.0 = Debug|Win32
		{C6DFAFED-E22C-4861-8573-E67964A2D7E5}.Debug|x64.ActiveCfg = Debug|x64
		{C6DFAFED-E22C-4861-8573-E67964A2D7E5}.Debug|x64.Build.0 = Debug|x64
		{C6DFAFED-E22C-4861-8573-E67964A2D7E5}.Release|Win32.ActiveCfg = Release|Win32
		{C6DFAFED-E22C-4861-8573-E67964A2D7E5}.Release|Win32.Build.0 = Release|Win32
		{C6DFAFED-E22C-4861-8573-E67964A2D7E5}.Release|x64.ActiveCfg = Release|x64
		{C6DFAFED-E22C-4861-8573-E67964A2D7E5}.Release|x64.Build.0 = Release|x64
		{E0619E76-51B5-450B-A23D-2DB19C9F9F99}.Debug|Win32.ActiveCfg = Debug|Win32
		{E0619E76-51B5-450B-A23D-2DB19C9F9F99}.Debug|Win32.Build.0 = Debug|Win32
		{E0619E76-51B5-450B-A23D-2DB19C9F9F99}.Debug|x64.ActiveCfg = Debug|x64
		{E0619E76-51B5-450B-A23D-2DB19C9F9F99}.Debug|x64.Build.0 = Debug|x64
		{E0619E76-51B5-450B-A23D-2DB19C9F9F99}.Release|Win32.ActiveCfg = Release|Win32
		{E0619E76-51B5-450B-A23D-2DB19C9F9F99}.Release|Win32.Build.0 = Release|Win32
		{E0619E76-51B5-450B-A23D-2DB19C9F9F99}.Release|x64.ActiveCfg = Release|x64
		{E0619E76-51B5-450B-A23D-2DB19C9F9F99}.Release|x64.Build.0 = Release|x64
		{16DA4F10-E936-4A3C-AB14-444555944842}.Debug|Win32.ActiveCfg = Debug|Win32
		{16DA4F10-E936-4A3C-AB14-444555944842}.Debug|Win32.Build.0 = Debug|Win32
		{16DA4F10-E936-4A3C-AB14-444555944842}.Debug|x64.ActiveCfg = Debug|x64
		{16DA4F10-E936-4A3C-AB14-444555944842}.Debug|x64.Build.0 = Debug|x64
		{16DA4F10-E936-4A3C-AB14-444555944842}.Release|Win32.ActiveCfg = Release|Win32
		{16DA4F10-E936-4A3C-AB14-444555944842}.Release|Win32.Build.0 = Release|Win32
		{16DA4F10-E936-4A3C-AB14-444555944842}.Release|x64.ActiveCfg = Release|x64
		{16DA4F10-E936-4A3C-AB14-444555944842}.Release|x64.Build.0 = Release|x64
		{164EB63E-8A14-44F2-98D8-4E787C758BB9}.Debug|Win32.ActiveCfg = Debug|Win32
		{164EB63E-8A14-44F2-98D8-4E787C758BB9}.Debug|Win32.Build.0 = Debug|Win32
		{164EB63E-8A14-44F2-98D8-4E787C758BB9}.Debug|x64.ActiveCfg = Debug|x64
		{164EB63E-8A14-44F2-98D8-4E787C758BB9}.Debug|x64.Build.0 = Debug|x64
		{164EB63E-8A14-44F2-98D8-4E787C758BB9}.Release|Win32.ActiveCfg = Release|Win32
		{164EB63E-8A14-44F2-98D8-4E787C758BB9}.Release|Win32.Build.0 = Release|Win32
		{164EB63E-8A14-44F2-98D8-4E787C758BB9}.Release|x64.ActiveCfg = Release|x64
		{164EB63E-8A14-44F2-98D8-4E787C758BB9}.Release|x64.Build.0 = Release|x64
		{F97C1D74-1014-4A6B-874F-6E9CBABFDF83}.Debug|Win32.ActiveCfg = Debug|Win32
		{F97C1D74-1014-4A6B-874F-6E9CBABFDF83}.Debug|Win32.Build.0 = Debug|Win32
		{F97C1D74-1014-4A6B-874F-6E9CBABFDF83}.Debug|x64.ActiveCfg = Debug|x64
		{F97C1D74-1014-4A6B-874F-6E9CBABFDF83}.Debug|x64.Build.0 = Debug|x64
		{F97C1D74-1014-4A6B-874F-6E9CBABFDF83}.Release|Win32.ActiveCfg = Release|Win32
		{F97C1D74-1014-4A6B-874F-6E9CBABFDF83}.Release|Win32.Build.0 = Release|Win32
		{F97C1D74-1014-4A6B-874F-6E9CBABFDF83}.Release|x64.ActiveCfg = Release|x64
		{F97C1D74-1014-4A6B-874F-6E9CBABFDF83}.Release|x64.Build.0 = Release|x64
		{7D627785-77D1-4804-8569-2FD0B9FA182F}.Debug|Win32.ActiveCfg = Debug|Win32
		{7D627785-77D1-4804-8569-2FD0B9FA182F}.Debug|Win32.Build.0 = Debug|Win32
		{7D627785-77D1-4804-8569-2FD0B9FA182F}.Debug|x64.ActiveCfg = Debug|x64
		{7D627785-77D1-4804-8569-2FD0B9FA182F}.Debug|x64.Build.0 = Debug|x64
		{7D627785-77D1-4804-8569-2FD0B9FA182F}.Release|Win32.ActiveCfg = Release|Win32
		{7D627785-77D1-4804-8569-2FD0B9FA182F}.Release|Win32.Build.0 = Release|Win32
		{7D627785-77D1-4804-8569-2FD0B9FA182F}.Release|x64.ActiveCfg = Release|x64
		{7D627785-77D1-4804-8569-2FD0B9FA182F}.Release|x64.Build.0 = Release|x64
		{C7025536-FEBC-4F95-9DBF-47137725DAA8}.Debug|Win32.ActiveCfg = Debug|Win32
		{C7025536-FEBC-4F95-9DBF-47137725DAA8}.Debug|x64.ActiveCfg = Debug|x64
		{C7025536-FEBC-4F95-9DBF-47137725DAA8}.Release|Win32.ActiveCfg = Release|Win32
		{C7025536-FEBC-4F95-9DBF-47137725DAA8}.Release|x64.ActiveCfg = Release|x64
		{1618D04A-E1B5-4218-AF07-6ACC64A89E3B}.Debug|Win32.ActiveCfg = Debug|Win32
		{1618D04A-E1B5-4218-AF07-6ACC64A89E3B}.Debug|Win32.Build.0 = Debug|Win32
		{1618D04A-E1B5-4218-AF07-6ACC64A89E3B}.Debug|x64.ActiveCfg = Debug|x64
		{1618D04A-E1B5-4218-AF07-6ACC64A89E3B}.Debug|x64.Build.0 = Debug|x64
		{1618D04A-E1B5-4218-AF07-6ACC64A89E3B}.Release|Win32.ActiveCfg = Release|Win32
		{1618D04A-E1B5-4218-AF07-6ACC64A89E3B}.Release|Win32.Build.0 = Release|Win32
		{1618D04A-E1B5-4218-AF07-6ACC64A89E3B}.Release|x64.ActiveCfg = Release|x64
		{1618D04A-E1B5-4218-AF07-6ACC64A89E3B}.Release|x64.Build.0 = Release|x64
		{7DF1CF21-FA6B-4B36-91F8-FE6C2346C440}.Debug|Win32.ActiveCfg = Debug|Win32
		{7DF1CF21-FA6B-4B36-91F8-FE6C2346C440}.Debug|Win32.Build.0 = Debug|Win32
		{7DF1CF21-FA6B-4B36-91F8-FE6C2346C440}.Debug|x64.ActiveCfg = Debug|x64
		{7DF1CF21-FA6B-4B36-91F8-FE6C2346C440}.Debug|x64.Build.0 = Debug|x64
		{7DF1CF21-FA6B-4B36-91F8-FE6C2346C440}.Release|Win32.ActiveCfg = Release|Win32
		{7DF1CF21-FA6B-4B36-91F8-FE6C2346C440}.Release|Win32.Build.0 = Release|Win32
		{7DF1CF21-FA6B-4B36-91F8-FE6C2346C440}.Release|x64.ActiveCfg = Release|x64
		{7DF1CF21-FA6B-4B36-91F8-FE6C2346C440}.Release|x64.Build.0 = Release|x64
		{186F14AD-0BBA-4971-A8F9-0538056D2BA4}.Debug|Win32.ActiveCfg = Debug|Win32
		{186F14AD-0BBA-4971-A8F9-0538056D2BA4}.Debug|Win32.Build.0 = Debug|Win32
		{186F14AD-0BBA-4971-A8F9-0538056D2BA4}.Debug|x64.ActiveCfg = Debug|x64
		{186F14AD-0BBA-4971-A8F9-0538056D2BA4}.Debug|x64.Build.0 = Debug|x64
		{186F14AD-0BBA-4971-A8F9-0538056D2BA4}.Release|Win32.ActiveCfg = Release|Win32
		{186F14AD-0BBA-4971-A8F9-0538056D2BA4}.Release|Win32.Build.0 = Release|Win32
		{186F14AD-0BBA-4971-A8F9-0538056D2BA4}.Release|x64.ActiveCfg = Release|x64
		{186F14AD-0BBA-4971-A8F9-0538056D2BA4}.Release|x64.Build.0 = Release|x64
		{1EEECE70-33F6-475F-B662-6786D63F2931}.Debug|Win32.ActiveCfg = Debug|Win32
		{1EEECE70-33F6-475F-B662-6786D63F2931}.Debug|Win32.Build.0 = Debug|Win32
		{1EEECE70-33F6-475F-B662-6786D63F2931}.Debug|x64.ActiveCfg = Debug|x64
		{1EEECE70-33F6-475F-B662-6786D63F2931}.Debug|x64.Build.0 = Debug|x64
		{1EEECE70-33F6-475F-B662-6786D63F2931}.Release|Win32.ActiveCfg = Release|Win32
		{1EEECE70-33F6-475F-B662-6786D63F2931}.Release|Win32.Build.0 = Release|Win32
		{1EEECE70-33F6-475F-B662-6786D63F2931}.Release|x64.ActiveCfg = Release|x64
		{1EEECE70-33F6-475F-B662-6786D63F2931}.Release|x64.Build.0 = Release|x64
		{5D2A2B20-9780-4E3F-9EA3-828650C80189}.Debug|Win32.ActiveCfg = Debug|Win32
		{5D2A2B20-9780-4E3F-9EA3-828650C80189}.Debug|Win32.Build.0 = Debug|Win32
		{5D2A2B20-9780-4E3F-9EA3-828650C80189}.Debug|x64.ActiveCfg = Debug|x64
		{5D2A2B20-9780-4E3F-9EA3-828650C80189}.Debug|x64.Build.0 = Debug|x64
		{5D2A2B20-9780-4E3F-9EA3-828650C80189}.Release|Win32.ActiveCfg = Release|Win32
		{5D2A2B20-9780-4E3F-9EA3-828650C80189}.Release|Win32.Build.0 = Release|Win32
		{5D2A2B20-9780-4E3F-9EA3-828650C80189}.Release|x64.ActiveCfg = Release|x64
		{5D2A2B20-9780-4E3F-9EA3-828650C80189}.Release|x64.Build.0 = Release|x64
		{ED7A6ED4-6479-4187-B120-03C1044FEEE0}.Debug|Win32.ActiveCfg = Debug|Win32
		{ED7A6ED4-6479-4187-B120-03C1044FEEE0}.Debug|Win32.Build.0 = Debug|Win32
		{ED7A6ED4-6479-4187-B120-03C1044FEEE0}.Debug|x64.ActiveCfg = Debug|x64
		{ED7A6ED4-6479-4187-B120-03C1044FEEE0}.Release|Win32.ActiveCfg = Release|Win32
		{ED7A6ED4-6479-4187-B120-03C1044FEEE0}.Release|Win32.Build.0 = Release|Win32
		{ED7A6ED4-6479-4187-B120-03C1044FEEE0}.Release|x64.ActiveCfg = Release|x64
		{ED7A6ED4-6479-4187-B120-03C1044FEEE0}.Release|x64.Build.0 = Release|x64
		{699F4DCB-2F0E-4A50-9416-96C8A29777E2}.Debug|Win32.ActiveCfg = Debug|Win32
		{699F4DCB-2F0E-4A50-9416-96C8A29777E2}.Debug|Win32.Build.0 = Debug|Win32
		{699F4DCB-2F0E-4A50-9416-96C8A29777E2}.Debug|x64.ActiveCfg = Debug|x64
		{699F4DCB-2F0E-4A50-9416-96C8A29777E2}.Debug|x64.Build.0 = Debug|x64
		{699F4DCB-2F0E-4A50-9416-96C8A29777E2}.Release|Win32.ActiveCfg = Release|Win32
		{699F4DCB-2F0E-4A50-9416-96C8A29777E2}.Release|Win32.Build.0 = Release|Win32
		{699F4DCB-2F0E-4A50-9416-96C8A29777E2}.Release|x64.ActiveCfg = Release|x64
		{699F4DCB-2F0E-4A50-9416-96C8A29777E2}.Release|x64.Build.0 = Release|x64
		{67B5C520-2B82-4F3F-84FA-D43687DE5F53}.Debug|Win32.ActiveCfg = Debug|Win32
		{67B5C520-2B82-4F3F-84FA-D43687DE5F53}.Debug|Win32.Build.0 = Debug|Win32
		{67B5C520-2B82-4F3F-84FA-D43687DE5F53}.Debug|x64.ActiveCfg = Debug|x64
		{67B5C520-2B82-4F3F-84FA-D43687DE5F53}.Debug|x64.Build.0 = Debug|x64
		{67B5C520-2B82-4F3F-84FA-D43687DE5F53}.Release|Win32.ActiveCfg = Release|Win32
		{67B5C520-2B82-4F3F-84FA-D43687DE5F53}.Release|Win32.Build.0 = Release|Win32
		{67B5C520-2B82-4F3F-84FA-D43687DE5F53}.Release|x64.ActiveCfg = Release|x64
		{67B5C520-2B82-4F3F-84FA-D43687DE5F53}.Release|x64.Build.0 = Release|x64
		{473499F9-CF96-4D02-B6E2-9E6B345E8AC1}.Debug|Win32.ActiveCfg = Debug|Win32
		{473499F9-CF96-4D02-B6E2-9E6B345E8AC1}.Debug|Win32.Build.0 = Debug|Win32
		{473499F9-CF96-4D02-B6E2-9E6B345E8AC1}.Debug|x64.ActiveCfg = Debug|x64
		{473499F9-CF96-4D02-B6E2-9E6B345E8AC1}.Debug|x64.Build.0 = Debug|x64
		{473499F9-CF96-4D02-B6E2-9E6B345E8AC1}.Release|Win32.ActiveCfg = Release|Win32
		{473499F9-CF96-4D02-B6E2-9E6B345E8AC1}.Release|Win32.Build.0 = Release|Win32
		{473499F9-CF96-4D02-B6E2-9E6B345E8AC1}.Release|x64.ActiveCfg = Release|x64
		{473499F9-CF96-4D02-B6E2-9E6B345E8AC1}.Release|x64.Build.0 = Release|x64
		{C0D40D85-D6CF-4671-A7FF-729642851DC7}.Debug|Win32.ActiveCfg = Debug|Win32
		{C0D40D85-D6CF-4671-A7FF-729642851DC7}.Debug|Win32.Build.0 = Debug|Win32
		{C0D40D85-D6CF-4671-A7FF-729642851DC7}.Debug|x64.ActiveCfg = Debug|x64
		{C0D40D85-D6CF-4671-A7FF-729642851DC7}.Debug|x64.Build.0 = Debug|x64
		{C0D40D85-D6CF-4671-A7FF-729642851DC7}.Release|Win32.ActiveCfg = Release|Win32
		{C0D40D85-D6CF-4671-A7FF-729642851DC7}.Release|Win32.Build.0 = Release|Win32
		{C0D40D85-D6CF-4671-A7FF-729642851DC7}.Release|x64.ActiveCfg = Release|x64
		{C0D40D85-D6CF-4671-A7FF-729642851DC7}.Release|x64.Build.0 = Release|x64
		{450ACCD0-758B-4424-805E-E5763E05F9E7}.Debug|Win32.ActiveCfg = Debug|Win32
		{450ACCD0-758B-4424-805E-E5763E05F9E7}.Debug|Win32.Build.0 = Debug|Win32
		{450ACCD0-758B-4424-805E-E5763E05F9E7}.Debug|x64.ActiveCfg = Debug|x64
		{450ACCD0-758B-4424-805E-E5763E05F9E7}.Debug|x64.Build.0 = Debug|x64
		{450ACCD0-758B-4424-805E-E5763E05F9E7}.Release|Win32.ActiveCfg = Release|Win32
		{450ACCD0-758B-4424-805E-E5763E05F9E7}.Release|Win32.Build.0 = Release|Win32
		{450ACCD0-758B-4424-805E-E5763E05F9E7}.Release|x64.ActiveCfg = Release|x64
		{450ACCD0-758B-4424-805E-E5763E05F9E7}.Release|x64.Build.0 = Release|x64
		{E3CF4D3A-A8E5-4084-A551-6747C1829DFE}.Debug|Win32.ActiveCfg = Debug|Win32
		{E3CF4D3A-A8E5-4084-A551-6747C1829DFE}.Debug|Win32.Build.0 = Debug|Win32
		{E3CF4D3A-A8E5-4084-A551-6747C1829DFE}.Debug|x64.ActiveCfg = Debug|x64
		{E3CF4D3A-A8E5-4084-A551-6747C1829DFE}.Debug|x64.Build.0 = Debug|x64
		{E3CF4D3A-A8E5-4084-A551-6747C1829DFE}.Release|Win32.ActiveCfg = Release|Win32
		{E3CF4D3A-A8E5-4084-A551-6747C1829DFE}.Release|Win32.Build.0 = Release|Win32
		{E3CF4D3A-A8E5-4084-A551-6747C1829DFE}.Release|x64.ActiveCfg = Release|x64
		{E3CF4D3A-A8E5-4084-A551-6747C1829DFE}.Release|x64.Build.0 = Release|x64
		{2E763DA2-31B3-4BFF-94DA-32D69926FB38}.Debug|Win32.ActiveCfg = Debug|Win32
		{2E763DA2-31B3-4BFF-94DA-32D69926FB38}.Debug|Win32.Build.0 = Debug|Win32
		{2E763DA2-31B3-4BFF-94DA-32D69926FB38}.Debug|x64.ActiveCfg = Debug|x64
		{2E763DA2-31B3-4BFF-94DA-32D69926FB38}.Debug|x64.Build.0 = Debug|x64
		{2E763DA2-31B3-4BFF-94DA-32D69926FB38}.Release|Win32.ActiveCfg = Release|Win32
		{2E763DA2-31B3-4BFF-94DA-32D69926FB38}.Release|Win32.Build.0 = Release|Win32
		{2E763DA2-31B3-4BFF-94DA-32D69926FB38}.Release|x64.ActiveCfg = Release|x64
		{2E763DA2-31B3-4BFF-94DA-32D69926FB38}.Release|x64.Build.0 = Release|x64
	EndGlobalSection
	GlobalSection(SolutionProperties) = preSolution
		HideSolutionNode = FALSE
	EndGlobalSection
	GlobalSection(NestedProjects) = preSolution
		{7F83BDFF-B90A-48C8-9EAC-7BA2325EDBE7} = {6039D2EE-E601-454A-B9D0-A2BB9B936E9B}
		{186F14AD-0BBA-4971-A8F9-0538056D2BA4} = {6039D2EE-E601-454A-B9D0-A2BB9B936E9B}
		{450ACCD0-758B-4424-805E-E5763E05F9E7} = {6039D2EE-E601-454A-B9D0-A2BB9B936E9B}
		{8A092E2C-7E71-4330-A55A-B8511120FCF7} = {1B52E27F-6001-4C6D-8202-E3F7BB21C166}
		{F6B19AD9-D560-4F2F-9EFA-8259A0BD1833} = {1B52E27F-6001-4C6D-8202-E3F7BB21C166}
		{6C607312-27D9-4DBE-8F8B-EDF4F9539670} = {1B52E27F-6001-4C6D-8202-E3F7BB21C166}
		{1618D04A-E1B5-4218-AF07-6ACC64A89E3B} = {1B52E27F-6001-4C6D-8202-E3F7BB21C166}
		{7DF1CF21-FA6B-4B36-91F8-FE6C2346C440} = {1B52E27F-6001-4C6D-8202-E3F7BB21C166}
		{DBF56329-279E-418D-AFED-DB7D6BE5F079} = {1B52E27F-6001-4C6D-8202-E3F7BB21C166}
		{7033ECDF-047C-42BB-8FD8-8FED513D4BBC} = {F28F503C-0455-4F8D-BF21-41D84C16E2FA}
		{D5F3B358-445E-411D-AE82-5FDCAA29D06D} = {F28F503C-0455-4F8D-BF21-41D84C16E2FA}
		{8F86DFE9-87F3-48FF-BF60-6086BD216E83} = {F28F503C-0455-4F8D-BF21-41D84C16E2FA}
		{46567A49-2166-4253-BE97-2C837B606E6C} = {F28F503C-0455-4F8D-BF21-41D84C16E2FA}
		{3EDB029D-D313-497D-B526-2D41E093CC13} = {F28F503C-0455-4F8D-BF21-41D84C16E2FA}
		{16DA4F10-E936-4A3C-AB14-444555944842} = {F28F503C-0455-4F8D-BF21-41D84C16E2FA}
		{F97C1D74-1014-4A6B-874F-6E9CBABFDF83} = {F28F503C-0455-4F8D-BF21-41D84C16E2FA}
		{7D627785-77D1-4804-8569-2FD0B9FA182F} = {F28F503C-0455-4F8D-BF21-41D84C16E2FA}
		{699F4DCB-2F0E-4A50-9416-96C8A29777E2} = {F28F503C-0455-4F8D-BF21-41D84C16E2FA}
		{C0D40D85-D6CF-4671-A7FF-729642851DC7} = {F28F503C-0455-4F8D-BF21-41D84C16E2FA}
		{1873B01B-5B19-4B08-B065-9A01A332B3F3} = {EB6963C9-08E8-4F4A-A1EA-EF8A71609A0E}
		{ABBD38D0-4AD8-44D7-9492-7814621C9FB7} = {EB6963C9-08E8-4F4A-A1EA-EF8A71609A0E}
		{E0619E76-51B5-450B-A23D-2DB19C9F9F99} = {EB6963C9-08E8-4F4A-A1EA-EF8A71609A0E}
		{164EB63E-8A14-44F2-98D8-4E787C758BB9} = {EB6963C9-08E8-4F4A-A1EA-EF8A71609A0E}
		{2E763DA2-31B3-4BFF-94DA-32D69926FB38} = {EB6963C9-08E8-4F4A-A1EA-EF8A71609A0E}
		{AD33D536-0241-4F4B-92E1-CAA5D34AC62E} = {BD7F6A67-8B34-4027-AB01-C102AB0E99B7}
		{C7025536-FEBC-4F95-9DBF-47137725DAA8} = {BD7F6A67-8B34-4027-AB01-C102AB0E99B7}
		{1EEECE70-33F6-475F-B662-6786D63F2931} = {BD7F6A67-8B34-4027-AB01-C102AB0E99B7}
		{ED7A6ED4-6479-4187-B120-03C1044FEEE0} = {BD7F6A67-8B34-4027-AB01-C102AB0E99B7}
		{67B5C520-2B82-4F3F-84FA-D43687DE5F53} = {BD7F6A67-8B34-4027-AB01-C102AB0E99B7}
		{5D2A2B20-9780-4E3F-9EA3-828650C80189} = {DBF56329-279E-418D-AFED-DB7D6BE5F079}
		{473499F9-CF96-4D02-B6E2-9E6B345E8AC1} = {DBF56329-279E-418D-AFED-DB7D6BE5F079}
		{E3CF4D3A-A8E5-4084-A551-6747C1829DFE} = {DBF56329-279E-418D-AFED-DB7D6BE5F079}
	EndGlobalSection
	GlobalSection(ExtensibilityGlobals) = postSolution
		SolutionGuid = {FC277043-CB68-4815-86AE-AC35B7879BF4}
	EndGlobalSection
EndGlobal
