<?xml version="1.0" encoding="utf-8"?>
<Project ToolsVersion="4.0" xmlns="http://schemas.microsoft.com/developer/msbuild/2003">
  <ItemGroup>
    <ClCompile Include="OsScan.cpp">
      <Filter>源文件</Filter>
    </ClCompile>
    <ClCompile Include="OsScanEngineApi.cpp">
      <Filter>源文件</Filter>
    </ClCompile>
  </ItemGroup>
  <ItemGroup>
    <ClInclude Include="OsScan.h">
      <Filter>头文件</Filter>
    </ClInclude>
    <ClInclude Include="OsScanEngineApi.h">
      <Filter>头文件</Filter>
    </ClInclude>
    <ClInclude Include="resource.h" />
  </ItemGroup>
  <ItemGroup>
    <Filter Include="源文件">
      <UniqueIdentifier>{eef905ad-2976-4780-b759-694191326832}</UniqueIdentifier>
    </Filter>
    <Filter Include="头文件">
      <UniqueIdentifier>{748364ff-fdfe-478c-a461-58a448c58fd1}</UniqueIdentifier>
    </Filter>
  </ItemGroup>
  <ItemGroup>
    <ResourceCompile Include="OsScan.rc" />
  </ItemGroup>
</Project>