<?xml version="1.0" encoding="utf-8"?>
<Project ToolsVersion="4.0" xmlns="http://schemas.microsoft.com/developer/msbuild/2003">
  <ItemGroup>
    <ClCompile Include="AppScan.cpp">
      <Filter>源文件</Filter>
    </ClCompile>
    <ClCompile Include="AppInfo.cpp">
      <Filter>源文件</Filter>
    </ClCompile>
  </ItemGroup>
  <ItemGroup>
    <ClInclude Include="AppInfo.h">
      <Filter>头文件</Filter>
    </ClInclude>
    <ClInclude Include="AppScan.h">
      <Filter>头文件</Filter>
    </ClInclude>
    <ClInclude Include="resource.h" />
  </ItemGroup>
  <ItemGroup>
    <Filter Include="源文件">
      <UniqueIdentifier>{24e95cb9-99c9-48c5-899b-41c522dd89d3}</UniqueIdentifier>
    </Filter>
    <Filter Include="头文件">
      <UniqueIdentifier>{1dc88748-ecc0-4d60-accf-273658a36f97}</UniqueIdentifier>
    </Filter>
  </ItemGroup>
  <ItemGroup>
    <ResourceCompile Include="AppScan.rc" />
  </ItemGroup>
</Project>